{
  "name": "ots",
  "version": "0.1.0",
  "lockfileVersion": 2,
  "requires": true,
  "packages": {
    "": {
      "name": "ots",
      "version": "0.1.0",
      "license": "MIT",
      "dependencies": {
        "vault.js": "^1.0.3"
      }
    },
    "node_modules/vault.js": {
      "version": "1.0.3",
      "resolved": "https://registry.npmjs.org/vault.js/-/vault.js-1.0.3.tgz",
      "integrity": "sha1-6a8HaeX7YvLgtBRQgenWrLQ7gZQ="
    }
  },
  "dependencies": {
    "vault.js": {
      "version": "1.0.3",
      "resolved": "https://registry.npmjs.org/vault.js/-/vault.js-1.0.3.tgz",
      "integrity": "sha1-6a8HaeX7YvLgtBRQgenWrLQ7gZQ="
    }
  }
}
